// !$*UTF8*$!
{
	archiveVersion = 1;
	classes = {
	};
	objectVersion = 56;
	objects = {

/* Begin PBXBuildFile section */
		683757292A01FA75001F499A /* Gacha.swift in Sources */ = {isa = PBXBuildFile; fileRef = 683757262A01FA75001F499A /* Gacha.swift */; };
		6837572A2A01FA75001F499A /* GachaObtained.swift in Sources */ = {isa = PBXBuildFile; fileRef = 683757272A01FA75001F499A /* GachaObtained.swift */; };
		6837572B2A01FA75001F499A /* GachaResult.swift in Sources */ = {isa = PBXBuildFile; fileRef = 683757282A01FA75001F499A /* GachaResult.swift */; };
		683757302A01FA8E001F499A /* TheLastTrial.swift in Sources */ = {isa = PBXBuildFile; fileRef = 6837572F2A01FA8E001F499A /* TheLastTrial.swift */; };
		683757372A01FAAD001F499A /* GameView.swift in Sources */ = {isa = PBXBuildFile; fileRef = 683757342A01FAAD001F499A /* GameView.swift */; };
		683757382A01FAAD001F499A /* ChooseView.swift in Sources */ = {isa = PBXBuildFile; fileRef = 683757352A01FAAD001F499A /* ChooseView.swift */; };
		683757392A01FAAD001F499A /* GuessTheWord.swift in Sources */ = {isa = PBXBuildFile; fileRef = 683757362A01FAAD001F499A /* GuessTheWord.swift */; };
		6837573F2A035039001F499A /* Lottie in Frameworks */ = {isa = PBXBuildFile; productRef = 6837573E2A035039001F499A /* Lottie */; };
		AC0532D729F23F0D004AD470 /* mini_challenge1App.swift in Sources */ = {isa = PBXBuildFile; fileRef = AC0532D629F23F0D004AD470 /* mini_challenge1App.swift */; };
		AC0532DB29F23F0E004AD470 /* Assets.xcassets in Resources */ = {isa = PBXBuildFile; fileRef = AC0532DA29F23F0E004AD470 /* Assets.xcassets */; };
		AC0532DE29F23F0E004AD470 /* Preview Assets.xcassets in Resources */ = {isa = PBXBuildFile; fileRef = AC0532DD29F23F0E004AD470 /* Preview Assets.xcassets */; };
		AC0532EF29F24117004AD470 /* AppColor.swift in Sources */ = {isa = PBXBuildFile; fileRef = AC0532EE29F24117004AD470 /* AppColor.swift */; };
		AC0532FA29F2428A004AD470 /* Prompt.swift in Sources */ = {isa = PBXBuildFile; fileRef = AC0532F929F2428A004AD470 /* Prompt.swift */; };
		AC0532FC29F242AE004AD470 /* Error.swift in Sources */ = {isa = PBXBuildFile; fileRef = AC0532FB29F242AE004AD470 /* Error.swift */; };
		AC05330329F24311004AD470 /* NetworkManager.swift in Sources */ = {isa = PBXBuildFile; fileRef = AC05330229F24311004AD470 /* NetworkManager.swift */; };
		AC05330729F24385004AD470 /* CoreDataManager.swift in Sources */ = {isa = PBXBuildFile; fileRef = AC05330629F24385004AD470 /* CoreDataManager.swift */; };
		AC05331129F24692004AD470 /* CustomTextField.swift in Sources */ = {isa = PBXBuildFile; fileRef = AC05331029F24692004AD470 /* CustomTextField.swift */; };
		AC05331329F24AB6004AD470 /* CustomButton.swift in Sources */ = {isa = PBXBuildFile; fileRef = AC05331229F24AB6004AD470 /* CustomButton.swift */; };
		AC05331529F27CD0004AD470 /* TitleGame.swift in Sources */ = {isa = PBXBuildFile; fileRef = AC05331429F27CD0004AD470 /* TitleGame.swift */; };
		AC05331C29F29F7B004AD470 /* InputSentences.swift in Sources */ = {isa = PBXBuildFile; fileRef = AC05331B29F29F7B004AD470 /* InputSentences.swift */; };
		AC05331E29F2A02C004AD470 /* TwoTruthsOneLie.swift in Sources */ = {isa = PBXBuildFile; fileRef = AC05331D29F2A02C004AD470 /* TwoTruthsOneLie.swift */; };
		AC05332129F2A3E4004AD470 /* TruthLieSentence.swift in Sources */ = {isa = PBXBuildFile; fileRef = AC05332029F2A3E4004AD470 /* TruthLieSentence.swift */; };
		AC05332529F2A4BD004AD470 /* TruthLieSentenceViewModel.swift in Sources */ = {isa = PBXBuildFile; fileRef = AC05332429F2A4BD004AD470 /* TruthLieSentenceViewModel.swift */; };
		AC05332729F2AB18004AD470 /* SelectSentence.swift in Sources */ = {isa = PBXBuildFile; fileRef = AC05332629F2AB18004AD470 /* SelectSentence.swift */; };
		AC05332929F2B20B004AD470 /* TruthLieSentenceRepository.swift in Sources */ = {isa = PBXBuildFile; fileRef = AC05332829F2B20B004AD470 /* TruthLieSentenceRepository.swift */; };
		AC16009229FECA16009E5D59 /* TruthLieTurn.swift in Sources */ = {isa = PBXBuildFile; fileRef = AC16009129FECA16009E5D59 /* TruthLieTurn.swift */; };
		AC16009529FEDC97009E5D59 /* GameResultView.swift in Sources */ = {isa = PBXBuildFile; fileRef = AC16009429FEDC97009E5D59 /* GameResultView.swift */; };
		AC16009729FEDEFA009E5D59 /* ProgressBarWin.swift in Sources */ = {isa = PBXBuildFile; fileRef = AC16009629FEDEFA009E5D59 /* ProgressBarWin.swift */; };
		AC27AE7C29F5143F005018D1 /* Prologue.swift in Sources */ = {isa = PBXBuildFile; fileRef = AC27AE7B29F5143F005018D1 /* Prologue.swift */; };
		AC27AE8529F51731005018D1 /* Quicksand-Light.ttf in Resources */ = {isa = PBXBuildFile; fileRef = AC27AE8029F51731005018D1 /* Quicksand-Light.ttf */; };
		AC27AE8629F51731005018D1 /* Quicksand-Regular.ttf in Resources */ = {isa = PBXBuildFile; fileRef = AC27AE8129F51731005018D1 /* Quicksand-Regular.ttf */; };
		AC27AE8729F51731005018D1 /* Quicksand-SemiBold.ttf in Resources */ = {isa = PBXBuildFile; fileRef = AC27AE8229F51731005018D1 /* Quicksand-SemiBold.ttf */; };
		AC27AE8829F51731005018D1 /* Quicksand-Bold.ttf in Resources */ = {isa = PBXBuildFile; fileRef = AC27AE8329F51731005018D1 /* Quicksand-Bold.ttf */; };
		AC27AE8929F51731005018D1 /* Quicksand-Medium.ttf in Resources */ = {isa = PBXBuildFile; fileRef = AC27AE8429F51731005018D1 /* Quicksand-Medium.ttf */; };
		AC27AE8D29F51A17005018D1 /* AppFont.swift in Sources */ = {isa = PBXBuildFile; fileRef = AC27AE8C29F51A17005018D1 /* AppFont.swift */; };
		AC27AE8F29F51BAE005018D1 /* TextPrologue.swift in Sources */ = {isa = PBXBuildFile; fileRef = AC27AE8E29F51BAE005018D1 /* TextPrologue.swift */; };
		AC27AE9529F52C27005018D1 /* Map.swift in Sources */ = {isa = PBXBuildFile; fileRef = AC27AE9429F52C27005018D1 /* Map.swift */; };
		AC27AE9729F5309A005018D1 /* GameButton.swift in Sources */ = {isa = PBXBuildFile; fileRef = AC27AE9629F5309A005018D1 /* GameButton.swift */; };
		AC27AE9C29F54925005018D1 /* SwimPlatypus.swift in Sources */ = {isa = PBXBuildFile; fileRef = AC27AE9B29F54925005018D1 /* SwimPlatypus.swift */; };
		AC27AEA129F66F47005018D1 /* CatchGacha.swift in Sources */ = {isa = PBXBuildFile; fileRef = AC27AEA029F66F47005018D1 /* CatchGacha.swift */; };
		ACB47D7829FA1271008F215F /* FloatingLevel.swift in Sources */ = {isa = PBXBuildFile; fileRef = ACB47D7729FA1271008F215F /* FloatingLevel.swift */; };
		ACB47D7A29FA3DCA008F215F /* NavBar.swift in Sources */ = {isa = PBXBuildFile; fileRef = ACB47D7929FA3DCA008F215F /* NavBar.swift */; };
		ACB47D7C29FE7299008F215F /* PopUpGamePreview.swift in Sources */ = {isa = PBXBuildFile; fileRef = ACB47D7B29FE7299008F215F /* PopUpGamePreview.swift */; };
		ACB47D8029FE7E59008F215F /* PopUpGameTurn.swift in Sources */ = {isa = PBXBuildFile; fileRef = ACB47D7F29FE7E59008F215F /* PopUpGameTurn.swift */; };
		ACE95CD329FF58D5009B0C33 /* PopUpReadySetGo.swift in Sources */ = {isa = PBXBuildFile; fileRef = ACE95CD229FF58D5009B0C33 /* PopUpReadySetGo.swift */; };
		ACE95CD529FF9E62009B0C33 /* PopUpPlatyCoin.swift in Sources */ = {isa = PBXBuildFile; fileRef = ACE95CD429FF9E62009B0C33 /* PopUpPlatyCoin.swift */; };
		ACE95CD929FFA9C4009B0C33 /* MapViewModel.swift in Sources */ = {isa = PBXBuildFile; fileRef = ACE95CD829FFA9C4009B0C33 /* MapViewModel.swift */; };
		ACE95CE32A00129B009B0C33 /* MC1.xcdatamodeld in Sources */ = {isa = PBXBuildFile; fileRef = ACE95CE12A00129B009B0C33 /* MC1.xcdatamodeld */; };
		ACEE61DC2A00CB6800A41E6A /* ProfileViewModel.swift in Sources */ = {isa = PBXBuildFile; fileRef = ACEE61DB2A00CB6800A41E6A /* ProfileViewModel.swift */; };
		ACEE61E02A0161B100A41E6A /* GameViewModel.swift in Sources */ = {isa = PBXBuildFile; fileRef = ACEE61DF2A0161B100A41E6A /* GameViewModel.swift */; };
/* End PBXBuildFile section */

/* Begin PBXFileReference section */
		683757262A01FA75001F499A /* Gacha.swift */ = {isa = PBXFileReference; fileEncoding = 4; lastKnownFileType = sourcecode.swift; path = Gacha.swift; sourceTree = "<group>"; };
		683757272A01FA75001F499A /* GachaObtained.swift */ = {isa = PBXFileReference; fileEncoding = 4; lastKnownFileType = sourcecode.swift; path = GachaObtained.swift; sourceTree = "<group>"; };
		683757282A01FA75001F499A /* GachaResult.swift */ = {isa = PBXFileReference; fileEncoding = 4; lastKnownFileType = sourcecode.swift; path = GachaResult.swift; sourceTree = "<group>"; };
		6837572F2A01FA8E001F499A /* TheLastTrial.swift */ = {isa = PBXFileReference; fileEncoding = 4; lastKnownFileType = sourcecode.swift; path = TheLastTrial.swift; sourceTree = "<group>"; };
		683757342A01FAAD001F499A /* GameView.swift */ = {isa = PBXFileReference; fileEncoding = 4; lastKnownFileType = sourcecode.swift; path = GameView.swift; sourceTree = "<group>"; };
		683757352A01FAAD001F499A /* ChooseView.swift */ = {isa = PBXFileReference; fileEncoding = 4; lastKnownFileType = sourcecode.swift; path = ChooseView.swift; sourceTree = "<group>"; };
		683757362A01FAAD001F499A /* GuessTheWord.swift */ = {isa = PBXFileReference; fileEncoding = 4; lastKnownFileType = sourcecode.swift; path = GuessTheWord.swift; sourceTree = "<group>"; };
		AC0532D329F23F0D004AD470 /* mini-challenge1.app */ = {isa = PBXFileReference; explicitFileType = wrapper.application; includeInIndex = 0; path = "mini-challenge1.app"; sourceTree = BUILT_PRODUCTS_DIR; };
		AC0532D629F23F0D004AD470 /* mini_challenge1App.swift */ = {isa = PBXFileReference; lastKnownFileType = sourcecode.swift; path = mini_challenge1App.swift; sourceTree = "<group>"; };
		AC0532DA29F23F0E004AD470 /* Assets.xcassets */ = {isa = PBXFileReference; lastKnownFileType = folder.assetcatalog; path = Assets.xcassets; sourceTree = "<group>"; };
		AC0532DD29F23F0E004AD470 /* Preview Assets.xcassets */ = {isa = PBXFileReference; lastKnownFileType = folder.assetcatalog; path = "Preview Assets.xcassets"; sourceTree = "<group>"; };
		AC0532EE29F24117004AD470 /* AppColor.swift */ = {isa = PBXFileReference; lastKnownFileType = sourcecode.swift; path = AppColor.swift; sourceTree = "<group>"; };
		AC0532F929F2428A004AD470 /* Prompt.swift */ = {isa = PBXFileReference; lastKnownFileType = sourcecode.swift; path = Prompt.swift; sourceTree = "<group>"; };
		AC0532FB29F242AE004AD470 /* Error.swift */ = {isa = PBXFileReference; lastKnownFileType = sourcecode.swift; path = Error.swift; sourceTree = "<group>"; };
		AC05330229F24311004AD470 /* NetworkManager.swift */ = {isa = PBXFileReference; lastKnownFileType = sourcecode.swift; path = NetworkManager.swift; sourceTree = "<group>"; };
		AC05330629F24385004AD470 /* CoreDataManager.swift */ = {isa = PBXFileReference; lastKnownFileType = sourcecode.swift; path = CoreDataManager.swift; sourceTree = "<group>"; };
		AC05331029F24692004AD470 /* CustomTextField.swift */ = {isa = PBXFileReference; lastKnownFileType = sourcecode.swift; path = CustomTextField.swift; sourceTree = "<group>"; };
		AC05331229F24AB6004AD470 /* CustomButton.swift */ = {isa = PBXFileReference; lastKnownFileType = sourcecode.swift; path = CustomButton.swift; sourceTree = "<group>"; };
		AC05331429F27CD0004AD470 /* TitleGame.swift */ = {isa = PBXFileReference; lastKnownFileType = sourcecode.swift; path = TitleGame.swift; sourceTree = "<group>"; };
		AC05331B29F29F7B004AD470 /* InputSentences.swift */ = {isa = PBXFileReference; lastKnownFileType = sourcecode.swift; path = InputSentences.swift; sourceTree = "<group>"; };
		AC05331D29F2A02C004AD470 /* TwoTruthsOneLie.swift */ = {isa = PBXFileReference; lastKnownFileType = sourcecode.swift; path = TwoTruthsOneLie.swift; sourceTree = "<group>"; };
		AC05332029F2A3E4004AD470 /* TruthLieSentence.swift */ = {isa = PBXFileReference; lastKnownFileType = sourcecode.swift; path = TruthLieSentence.swift; sourceTree = "<group>"; };
		AC05332429F2A4BD004AD470 /* TruthLieSentenceViewModel.swift */ = {isa = PBXFileReference; lastKnownFileType = sourcecode.swift; path = TruthLieSentenceViewModel.swift; sourceTree = "<group>"; };
		AC05332629F2AB18004AD470 /* SelectSentence.swift */ = {isa = PBXFileReference; lastKnownFileType = sourcecode.swift; path = SelectSentence.swift; sourceTree = "<group>"; };
		AC05332829F2B20B004AD470 /* TruthLieSentenceRepository.swift */ = {isa = PBXFileReference; lastKnownFileType = sourcecode.swift; path = TruthLieSentenceRepository.swift; sourceTree = "<group>"; };
		AC16009129FECA16009E5D59 /* TruthLieTurn.swift */ = {isa = PBXFileReference; lastKnownFileType = sourcecode.swift; path = TruthLieTurn.swift; sourceTree = "<group>"; };
		AC16009429FEDC97009E5D59 /* GameResultView.swift */ = {isa = PBXFileReference; lastKnownFileType = sourcecode.swift; path = GameResultView.swift; sourceTree = "<group>"; };
		AC16009629FEDEFA009E5D59 /* ProgressBarWin.swift */ = {isa = PBXFileReference; lastKnownFileType = sourcecode.swift; path = ProgressBarWin.swift; sourceTree = "<group>"; };
		AC27AE7B29F5143F005018D1 /* Prologue.swift */ = {isa = PBXFileReference; lastKnownFileType = sourcecode.swift; path = Prologue.swift; sourceTree = "<group>"; };
		AC27AE8029F51731005018D1 /* Quicksand-Light.ttf */ = {isa = PBXFileReference; lastKnownFileType = file; path = "Quicksand-Light.ttf"; sourceTree = "<group>"; };
		AC27AE8129F51731005018D1 /* Quicksand-Regular.ttf */ = {isa = PBXFileReference; lastKnownFileType = file; path = "Quicksand-Regular.ttf"; sourceTree = "<group>"; };
		AC27AE8229F51731005018D1 /* Quicksand-SemiBold.ttf */ = {isa = PBXFileReference; lastKnownFileType = file; path = "Quicksand-SemiBold.ttf"; sourceTree = "<group>"; };
		AC27AE8329F51731005018D1 /* Quicksand-Bold.ttf */ = {isa = PBXFileReference; lastKnownFileType = file; path = "Quicksand-Bold.ttf"; sourceTree = "<group>"; };
		AC27AE8429F51731005018D1 /* Quicksand-Medium.ttf */ = {isa = PBXFileReference; lastKnownFileType = file; path = "Quicksand-Medium.ttf"; sourceTree = "<group>"; };
		AC27AE8A29F5192F005018D1 /* Info.plist */ = {isa = PBXFileReference; lastKnownFileType = text.plist; path = Info.plist; sourceTree = "<group>"; };
		AC27AE8C29F51A17005018D1 /* AppFont.swift */ = {isa = PBXFileReference; lastKnownFileType = sourcecode.swift; path = AppFont.swift; sourceTree = "<group>"; };
		AC27AE8E29F51BAE005018D1 /* TextPrologue.swift */ = {isa = PBXFileReference; lastKnownFileType = sourcecode.swift; path = TextPrologue.swift; sourceTree = "<group>"; };
		AC27AE9429F52C27005018D1 /* Map.swift */ = {isa = PBXFileReference; lastKnownFileType = sourcecode.swift; path = Map.swift; sourceTree = "<group>"; };
		AC27AE9629F5309A005018D1 /* GameButton.swift */ = {isa = PBXFileReference; lastKnownFileType = sourcecode.swift; path = GameButton.swift; sourceTree = "<group>"; };
		AC27AE9B29F54925005018D1 /* SwimPlatypus.swift */ = {isa = PBXFileReference; lastKnownFileType = sourcecode.swift; path = SwimPlatypus.swift; sourceTree = "<group>"; };
		AC27AEA029F66F47005018D1 /* CatchGacha.swift */ = {isa = PBXFileReference; lastKnownFileType = sourcecode.swift; path = CatchGacha.swift; sourceTree = "<group>"; };
		ACB47D7729FA1271008F215F /* FloatingLevel.swift */ = {isa = PBXFileReference; lastKnownFileType = sourcecode.swift; path = FloatingLevel.swift; sourceTree = "<group>"; };
		ACB47D7929FA3DCA008F215F /* NavBar.swift */ = {isa = PBXFileReference; lastKnownFileType = sourcecode.swift; path = NavBar.swift; sourceTree = "<group>"; };
		ACB47D7B29FE7299008F215F /* PopUpGamePreview.swift */ = {isa = PBXFileReference; lastKnownFileType = sourcecode.swift; path = PopUpGamePreview.swift; sourceTree = "<group>"; };
		ACB47D7F29FE7E59008F215F /* PopUpGameTurn.swift */ = {isa = PBXFileReference; lastKnownFileType = sourcecode.swift; path = PopUpGameTurn.swift; sourceTree = "<group>"; };
		ACE95CD229FF58D5009B0C33 /* PopUpReadySetGo.swift */ = {isa = PBXFileReference; lastKnownFileType = sourcecode.swift; path = PopUpReadySetGo.swift; sourceTree = "<group>"; };
		ACE95CD429FF9E62009B0C33 /* PopUpPlatyCoin.swift */ = {isa = PBXFileReference; lastKnownFileType = sourcecode.swift; path = PopUpPlatyCoin.swift; sourceTree = "<group>"; };
		ACE95CD829FFA9C4009B0C33 /* MapViewModel.swift */ = {isa = PBXFileReference; lastKnownFileType = sourcecode.swift; path = MapViewModel.swift; sourceTree = "<group>"; };
		ACE95CE22A00129B009B0C33 /* MC1.xcdatamodel */ = {isa = PBXFileReference; lastKnownFileType = wrapper.xcdatamodel; path = MC1.xcdatamodel; sourceTree = "<group>"; };
		ACEE61DB2A00CB6800A41E6A /* ProfileViewModel.swift */ = {isa = PBXFileReference; lastKnownFileType = sourcecode.swift; path = ProfileViewModel.swift; sourceTree = "<group>"; };
		ACEE61DF2A0161B100A41E6A /* GameViewModel.swift */ = {isa = PBXFileReference; lastKnownFileType = sourcecode.swift; path = GameViewModel.swift; sourceTree = "<group>"; };
/* End PBXFileReference section */

/* Begin PBXFrameworksBuildPhase section */
		AC0532D029F23F0D004AD470 /* Frameworks */ = {
			isa = PBXFrameworksBuildPhase;
			buildActionMask = 2147483647;
			files = (
				6837573F2A035039001F499A /* Lottie in Frameworks */,
			);
			runOnlyForDeploymentPostprocessing = 0;
		};
/* End PBXFrameworksBuildPhase section */

/* Begin PBXGroup section */
		683757232A01FA75001F499A /* Gacha */ = {
			isa = PBXGroup;
			children = (
				683757242A01FA75001F499A /* Presenters */,
			);
			path = Gacha;
			sourceTree = "<group>";
		};
		683757242A01FA75001F499A /* Presenters */ = {
			isa = PBXGroup;
			children = (
				683757252A01FA75001F499A /* Views */,
			);
			path = Presenters;
			sourceTree = "<group>";
		};
		683757252A01FA75001F499A /* Views */ = {
			isa = PBXGroup;
			children = (
				683757262A01FA75001F499A /* Gacha.swift */,
				683757272A01FA75001F499A /* GachaObtained.swift */,
				683757282A01FA75001F499A /* GachaResult.swift */,
			);
			path = Views;
			sourceTree = "<group>";
		};
		6837572C2A01FA8E001F499A /* TheLastTrial */ = {
			isa = PBXGroup;
			children = (
				6837572D2A01FA8E001F499A /* Presenters */,
			);
			path = TheLastTrial;
			sourceTree = "<group>";
		};
		6837572D2A01FA8E001F499A /* Presenters */ = {
			isa = PBXGroup;
			children = (
				6837572E2A01FA8E001F499A /* Views */,
			);
			path = Presenters;
			sourceTree = "<group>";
		};
		6837572E2A01FA8E001F499A /* Views */ = {
			isa = PBXGroup;
			children = (
				6837572F2A01FA8E001F499A /* TheLastTrial.swift */,
			);
			path = Views;
			sourceTree = "<group>";
		};
		683757312A01FAAD001F499A /* GuessTheWord */ = {
			isa = PBXGroup;
			children = (
				683757322A01FAAD001F499A /* Presenters */,
			);
			path = GuessTheWord;
			sourceTree = "<group>";
		};
		683757322A01FAAD001F499A /* Presenters */ = {
			isa = PBXGroup;
			children = (
				683757332A01FAAD001F499A /* Views */,
			);
			path = Presenters;
			sourceTree = "<group>";
		};
		683757332A01FAAD001F499A /* Views */ = {
			isa = PBXGroup;
			children = (
				683757342A01FAAD001F499A /* GameView.swift */,
				683757352A01FAAD001F499A /* ChooseView.swift */,
				683757362A01FAAD001F499A /* GuessTheWord.swift */,
			);
			path = Views;
			sourceTree = "<group>";
		};
		AC0532CA29F23F0D004AD470 = {
			isa = PBXGroup;
			children = (
				AC0532D529F23F0D004AD470 /* mini-challenge1 */,
				AC0532D429F23F0D004AD470 /* Products */,
			);
			sourceTree = "<group>";
		};
		AC0532D429F23F0D004AD470 /* Products */ = {
			isa = PBXGroup;
			children = (
				AC0532D329F23F0D004AD470 /* mini-challenge1.app */,
			);
			name = Products;
			sourceTree = "<group>";
		};
		AC0532D529F23F0D004AD470 /* mini-challenge1 */ = {
			isa = PBXGroup;
			children = (
				AC27AE8A29F5192F005018D1 /* Info.plist */,
				AC0532EB29F24089004AD470 /* Features */,
				AC0532EA29F24084004AD470 /* Core */,
				AC0532E929F23F9E004AD470 /* Application */,
				AC0532DC29F23F0E004AD470 /* Preview Content */,
			);
			path = "mini-challenge1";
			sourceTree = "<group>";
		};
		AC0532DC29F23F0E004AD470 /* Preview Content */ = {
			isa = PBXGroup;
			children = (
				AC0532DD29F23F0E004AD470 /* Preview Assets.xcassets */,
			);
			path = "Preview Content";
			sourceTree = "<group>";
		};
		AC0532E929F23F9E004AD470 /* Application */ = {
			isa = PBXGroup;
			children = (
				AC0532D629F23F0D004AD470 /* mini_challenge1App.swift */,
			);
			path = Application;
			sourceTree = "<group>";
		};
		AC0532EA29F24084004AD470 /* Core */ = {
			isa = PBXGroup;
			children = (
				AC0532FF29F242D3004AD470 /* Extension */,
				AC0532F629F2422B004AD470 /* Utilities */,
				AC0532F529F2420C004AD470 /* Resources */,
				AC0532F429F24201004AD470 /* Constants */,
				AC0532EC29F240FB004AD470 /* Themes */,
			);
			path = Core;
			sourceTree = "<group>";
		};
		AC0532EB29F24089004AD470 /* Features */ = {
			isa = PBXGroup;
			children = (
				683757232A01FA75001F499A /* Gacha */,
				ACEE61D92A00CB4E00A41E6A /* Profile */,
				AC27AE9029F52806005018D1 /* Map */,
				AC27AE7329F510D8005018D1 /* Prologue */,
				AC05330A29F24545004AD470 /* Games */,
			);
			path = Features;
			sourceTree = "<group>";
		};
		AC0532EC29F240FB004AD470 /* Themes */ = {
			isa = PBXGroup;
			children = (
				AC27AE8B29F51A05005018D1 /* Font */,
				AC0532F029F24144004AD470 /* Presenters */,
				AC0532ED29F24107004AD470 /* Colors */,
			);
			path = Themes;
			sourceTree = "<group>";
		};
		AC0532ED29F24107004AD470 /* Colors */ = {
			isa = PBXGroup;
			children = (
				AC0532EE29F24117004AD470 /* AppColor.swift */,
			);
			path = Colors;
			sourceTree = "<group>";
		};
		AC0532F029F24144004AD470 /* Presenters */ = {
			isa = PBXGroup;
			children = (
				AC0532F329F24180004AD470 /* Modifiers */,
				AC0532F229F24155004AD470 /* Components */,
				AC0532F129F2414D004AD470 /* Views */,
			);
			path = Presenters;
			sourceTree = "<group>";
		};
		AC0532F129F2414D004AD470 /* Views */ = {
			isa = PBXGroup;
			children = (
			);
			path = Views;
			sourceTree = "<group>";
		};
		AC0532F229F24155004AD470 /* Components */ = {
			isa = PBXGroup;
			children = (
				AC05331029F24692004AD470 /* CustomTextField.swift */,
				AC05331229F24AB6004AD470 /* CustomButton.swift */,
				AC05331429F27CD0004AD470 /* TitleGame.swift */,
				ACB47D7929FA3DCA008F215F /* NavBar.swift */,
			);
			path = Components;
			sourceTree = "<group>";
		};
		AC0532F329F24180004AD470 /* Modifiers */ = {
			isa = PBXGroup;
			children = (
			);
			path = Modifiers;
			sourceTree = "<group>";
		};
		AC0532F429F24201004AD470 /* Constants */ = {
			isa = PBXGroup;
			children = (
				AC0532F929F2428A004AD470 /* Prompt.swift */,
				AC0532FB29F242AE004AD470 /* Error.swift */,
			);
			path = Constants;
			sourceTree = "<group>";
		};
		AC0532F529F2420C004AD470 /* Resources */ = {
			isa = PBXGroup;
			children = (
				AC27AE7D29F516AA005018D1 /* Font */,
				AC0532DA29F23F0E004AD470 /* Assets.xcassets */,
			);
			path = Resources;
			sourceTree = "<group>";
		};
		AC0532F629F2422B004AD470 /* Utilities */ = {
			isa = PBXGroup;
			children = (
				AC05330529F24358004AD470 /* CoreData */,
				AC0532F729F24234004AD470 /* Networking */,
			);
			path = Utilities;
			sourceTree = "<group>";
		};
		AC0532F729F24234004AD470 /* Networking */ = {
			isa = PBXGroup;
			children = (
				AC05330229F24311004AD470 /* NetworkManager.swift */,
			);
			path = Networking;
			sourceTree = "<group>";
		};
		AC0532FF29F242D3004AD470 /* Extension */ = {
			isa = PBXGroup;
			children = (
			);
			path = Extension;
			sourceTree = "<group>";
		};
		AC05330529F24358004AD470 /* CoreData */ = {
			isa = PBXGroup;
			children = (
				AC05330629F24385004AD470 /* CoreDataManager.swift */,
				ACE95CE12A00129B009B0C33 /* MC1.xcdatamodeld */,
			);
			path = CoreData;
			sourceTree = "<group>";
		};
		AC05330A29F24545004AD470 /* Games */ = {
			isa = PBXGroup;
			children = (
				ACEE61DD2A01617200A41E6A /* ViewModels */,
				ACB47D7D29FE7E38008F215F /* Presenters */,
				6837572C2A01FA8E001F499A /* TheLastTrial */,
				683757312A01FAAD001F499A /* GuessTheWord */,
				AC27AE9D29F569F5005018D1 /* CatchGacha */,
				AC27AE9829F548FF005018D1 /* SwimPlatypus */,
				AC05331629F28087004AD470 /* TwoTruthsOneLie */,
			);
			path = Games;
			sourceTree = "<group>";
		};
		AC05330B29F24559004AD470 /* Presenters */ = {
			isa = PBXGroup;
			children = (
				AC05330E29F2457E004AD470 /* Views */,
				AC05330C29F24566004AD470 /* Components */,
			);
			path = Presenters;
			sourceTree = "<group>";
		};
		AC05330C29F24566004AD470 /* Components */ = {
			isa = PBXGroup;
			children = (
				AC05331B29F29F7B004AD470 /* InputSentences.swift */,
				AC05332629F2AB18004AD470 /* SelectSentence.swift */,
				AC16009129FECA16009E5D59 /* TruthLieTurn.swift */,
			);
			path = Components;
			sourceTree = "<group>";
		};
		AC05330E29F2457E004AD470 /* Views */ = {
			isa = PBXGroup;
			children = (
				AC05331D29F2A02C004AD470 /* TwoTruthsOneLie.swift */,
			);
			name = Views;
			path = ../Views;
			sourceTree = "<group>";
		};
		AC05330F29F24583004AD470 /* ViewModels */ = {
			isa = PBXGroup;
			children = (
				AC05332429F2A4BD004AD470 /* TruthLieSentenceViewModel.swift */,
			);
			path = ViewModels;
			sourceTree = "<group>";
		};
		AC05331629F28087004AD470 /* TwoTruthsOneLie */ = {
			isa = PBXGroup;
			children = (
				AC05331F29F2A3C5004AD470 /* Models */,
				AC05330F29F24583004AD470 /* ViewModels */,
				AC05330B29F24559004AD470 /* Presenters */,
			);
			path = TwoTruthsOneLie;
			sourceTree = "<group>";
		};
		AC05331F29F2A3C5004AD470 /* Models */ = {
			isa = PBXGroup;
			children = (
				AC05332029F2A3E4004AD470 /* TruthLieSentence.swift */,
				AC05332829F2B20B004AD470 /* TruthLieSentenceRepository.swift */,
			);
			path = Models;
			sourceTree = "<group>";
		};
		AC16009329FED9FD009E5D59 /* View */ = {
			isa = PBXGroup;
			children = (
				AC16009429FEDC97009E5D59 /* GameResultView.swift */,
			);
			path = View;
			sourceTree = "<group>";
		};
		AC27AE7329F510D8005018D1 /* Prologue */ = {
			isa = PBXGroup;
			children = (
				AC27AE7429F5128A005018D1 /* Presenters */,
			);
			path = Prologue;
			sourceTree = "<group>";
		};
		AC27AE7429F5128A005018D1 /* Presenters */ = {
			isa = PBXGroup;
			children = (
				AC27AE7729F512AC005018D1 /* Components */,
				AC27AE7629F512A6005018D1 /* Views */,
			);
			path = Presenters;
			sourceTree = "<group>";
		};
		AC27AE7629F512A6005018D1 /* Views */ = {
			isa = PBXGroup;
			children = (
				AC27AE7B29F5143F005018D1 /* Prologue.swift */,
			);
			path = Views;
			sourceTree = "<group>";
		};
		AC27AE7729F512AC005018D1 /* Components */ = {
			isa = PBXGroup;
			children = (
				AC27AE8E29F51BAE005018D1 /* TextPrologue.swift */,
			);
			path = Components;
			sourceTree = "<group>";
		};
		AC27AE7D29F516AA005018D1 /* Font */ = {
			isa = PBXGroup;
			children = (
				AC27AE8329F51731005018D1 /* Quicksand-Bold.ttf */,
				AC27AE8029F51731005018D1 /* Quicksand-Light.ttf */,
				AC27AE8429F51731005018D1 /* Quicksand-Medium.ttf */,
				AC27AE8129F51731005018D1 /* Quicksand-Regular.ttf */,
				AC27AE8229F51731005018D1 /* Quicksand-SemiBold.ttf */,
			);
			path = Font;
			sourceTree = "<group>";
		};
		AC27AE8B29F51A05005018D1 /* Font */ = {
			isa = PBXGroup;
			children = (
				AC27AE8C29F51A17005018D1 /* AppFont.swift */,
			);
			path = Font;
			sourceTree = "<group>";
		};
		AC27AE9029F52806005018D1 /* Map */ = {
			isa = PBXGroup;
			children = (
				ACE95CD729FFA9A4009B0C33 /* Models */,
				ACE95CD629FFA999009B0C33 /* ViewModels */,
				AC27AE9129F52818005018D1 /* Presenters */,
			);
			path = Map;
			sourceTree = "<group>";
		};
		AC27AE9129F52818005018D1 /* Presenters */ = {
			isa = PBXGroup;
			children = (
				AC27AE9329F52827005018D1 /* Views */,
				AC27AE9229F5281E005018D1 /* Components */,
			);
			path = Presenters;
			sourceTree = "<group>";
		};
		AC27AE9229F5281E005018D1 /* Components */ = {
			isa = PBXGroup;
			children = (
				AC27AE9629F5309A005018D1 /* GameButton.swift */,
				ACB47D7729FA1271008F215F /* FloatingLevel.swift */,
				ACB47D7B29FE7299008F215F /* PopUpGamePreview.swift */,
			);
			path = Components;
			sourceTree = "<group>";
		};
		AC27AE9329F52827005018D1 /* Views */ = {
			isa = PBXGroup;
			children = (
				AC27AE9429F52C27005018D1 /* Map.swift */,
			);
			path = Views;
			sourceTree = "<group>";
		};
		AC27AE9829F548FF005018D1 /* SwimPlatypus */ = {
			isa = PBXGroup;
			children = (
				AC27AE9929F54907005018D1 /* Presenters */,
			);
			path = SwimPlatypus;
			sourceTree = "<group>";
		};
		AC27AE9929F54907005018D1 /* Presenters */ = {
			isa = PBXGroup;
			children = (
				AC27AE9A29F54913005018D1 /* Views */,
			);
			path = Presenters;
			sourceTree = "<group>";
		};
		AC27AE9A29F54913005018D1 /* Views */ = {
			isa = PBXGroup;
			children = (
				AC27AE9B29F54925005018D1 /* SwimPlatypus.swift */,
			);
			path = Views;
			sourceTree = "<group>";
		};
		AC27AE9D29F569F5005018D1 /* CatchGacha */ = {
			isa = PBXGroup;
			children = (
				AC27AE9E29F66F2F005018D1 /* Presenters */,
			);
			path = CatchGacha;
			sourceTree = "<group>";
		};
		AC27AE9E29F66F2F005018D1 /* Presenters */ = {
			isa = PBXGroup;
			children = (
				AC27AE9F29F66F36005018D1 /* Views */,
			);
			path = Presenters;
			sourceTree = "<group>";
		};
		AC27AE9F29F66F36005018D1 /* Views */ = {
			isa = PBXGroup;
			children = (
				AC27AEA029F66F47005018D1 /* CatchGacha.swift */,
			);
			path = Views;
			sourceTree = "<group>";
		};
		ACB47D7D29FE7E38008F215F /* Presenters */ = {
			isa = PBXGroup;
			children = (
				AC16009329FED9FD009E5D59 /* View */,
				ACB47D7E29FE7E4A008F215F /* Components */,
			);
			path = Presenters;
			sourceTree = "<group>";
		};
		ACB47D7E29FE7E4A008F215F /* Components */ = {
			isa = PBXGroup;
			children = (
				ACB47D7F29FE7E59008F215F /* PopUpGameTurn.swift */,
				AC16009629FEDEFA009E5D59 /* ProgressBarWin.swift */,
				ACE95CD229FF58D5009B0C33 /* PopUpReadySetGo.swift */,
				ACE95CD429FF9E62009B0C33 /* PopUpPlatyCoin.swift */,
			);
			path = Components;
			sourceTree = "<group>";
		};
		ACE95CD629FFA999009B0C33 /* ViewModels */ = {
			isa = PBXGroup;
			children = (
				ACE95CD829FFA9C4009B0C33 /* MapViewModel.swift */,
			);
			path = ViewModels;
			sourceTree = "<group>";
		};
		ACE95CD729FFA9A4009B0C33 /* Models */ = {
			isa = PBXGroup;
			children = (
			);
			path = Models;
			sourceTree = "<group>";
		};
		ACEE61D92A00CB4E00A41E6A /* Profile */ = {
			isa = PBXGroup;
			children = (
				ACEE61DA2A00CB5800A41E6A /* ViewModels */,
			);
			path = Profile;
			sourceTree = "<group>";
		};
		ACEE61DA2A00CB5800A41E6A /* ViewModels */ = {
			isa = PBXGroup;
			children = (
				ACEE61DB2A00CB6800A41E6A /* ProfileViewModel.swift */,
			);
			path = ViewModels;
			sourceTree = "<group>";
		};
		ACEE61DD2A01617200A41E6A /* ViewModels */ = {
			isa = PBXGroup;
			children = (
				ACEE61DF2A0161B100A41E6A /* GameViewModel.swift */,
			);
			path = ViewModels;
			sourceTree = "<group>";
		};
/* End PBXGroup section */

/* Begin PBXNativeTarget section */
		AC0532D229F23F0D004AD470 /* mini-challenge1 */ = {
			isa = PBXNativeTarget;
			buildConfigurationList = AC0532E629F23F0E004AD470 /* Build configuration list for PBXNativeTarget "mini-challenge1" */;
			buildPhases = (
				AC0532CF29F23F0D004AD470 /* Sources */,
				AC0532D029F23F0D004AD470 /* Frameworks */,
				AC0532D129F23F0D004AD470 /* Resources */,
			);
			buildRules = (
			);
			dependencies = (
			);
			name = "mini-challenge1";
			packageProductDependencies = (
				6837573E2A035039001F499A /* Lottie */,
			);
			productName = "mini-challenge1";
			productReference = AC0532D329F23F0D004AD470 /* mini-challenge1.app */;
			productType = "com.apple.product-type.application";
		};
/* End PBXNativeTarget section */

/* Begin PBXProject section */
		AC0532CB29F23F0D004AD470 /* Project object */ = {
			isa = PBXProject;
			attributes = {
				BuildIndependentTargetsInParallel = 1;
				LastSwiftUpdateCheck = 1430;
				LastUpgradeCheck = 1430;
				TargetAttributes = {
					AC0532D229F23F0D004AD470 = {
						CreatedOnToolsVersion = 14.3;
					};
				};
			};
			buildConfigurationList = AC0532CE29F23F0D004AD470 /* Build configuration list for PBXProject "mini-challenge1" */;
			compatibilityVersion = "Xcode 14.0";
			developmentRegion = en;
			hasScannedForEncodings = 0;
			knownRegions = (
				en,
				Base,
			);
			mainGroup = AC0532CA29F23F0D004AD470;
			packageReferences = (
				6837573D2A035039001F499A /* XCRemoteSwiftPackageReference "lottie-ios" */,
			);
			productRefGroup = AC0532D429F23F0D004AD470 /* Products */;
			projectDirPath = "";
			projectRoot = "";
			targets = (
				AC0532D229F23F0D004AD470 /* mini-challenge1 */,
			);
		};
/* End PBXProject section */

/* Begin PBXResourcesBuildPhase section */
		AC0532D129F23F0D004AD470 /* Resources */ = {
			isa = PBXResourcesBuildPhase;
			buildActionMask = 2147483647;
			files = (
				AC27AE8529F51731005018D1 /* Quicksand-Light.ttf in Resources */,
				AC27AE8829F51731005018D1 /* Quicksand-Bold.ttf in Resources */,
				AC27AE8929F51731005018D1 /* Quicksand-Medium.ttf in Resources */,
				AC27AE8729F51731005018D1 /* Quicksand-SemiBold.ttf in Resources */,
				AC0532DE29F23F0E004AD470 /* Preview Assets.xcassets in Resources */,
				AC0532DB29F23F0E004AD470 /* Assets.xcassets in Resources */,
				AC27AE8629F51731005018D1 /* Quicksand-Regular.ttf in Resources */,
			);
			runOnlyForDeploymentPostprocessing = 0;
		};
/* End PBXResourcesBuildPhase section */

/* Begin PBXSourcesBuildPhase section */
		AC0532CF29F23F0D004AD470 /* Sources */ = {
			isa = PBXSourcesBuildPhase;
			buildActionMask = 2147483647;
			files = (
				AC27AE7C29F5143F005018D1 /* Prologue.swift in Sources */,
				683757302A01FA8E001F499A /* TheLastTrial.swift in Sources */,
				AC05330329F24311004AD470 /* NetworkManager.swift in Sources */,
				ACB47D7A29FA3DCA008F215F /* NavBar.swift in Sources */,
				AC05332129F2A3E4004AD470 /* TruthLieSentence.swift in Sources */,
				AC27AE9729F5309A005018D1 /* GameButton.swift in Sources */,
				AC0532FA29F2428A004AD470 /* Prompt.swift in Sources */,
				683757292A01FA75001F499A /* Gacha.swift in Sources */,
				AC16009729FEDEFA009E5D59 /* ProgressBarWin.swift in Sources */,
				AC0532EF29F24117004AD470 /* AppColor.swift in Sources */,
				AC05331129F24692004AD470 /* CustomTextField.swift in Sources */,
				AC05332929F2B20B004AD470 /* TruthLieSentenceRepository.swift in Sources */,
				ACE95CD929FFA9C4009B0C33 /* MapViewModel.swift in Sources */,
				AC27AE8F29F51BAE005018D1 /* TextPrologue.swift in Sources */,
				683757372A01FAAD001F499A /* GameView.swift in Sources */,
				ACE95CD329FF58D5009B0C33 /* PopUpReadySetGo.swift in Sources */,
				ACEE61E02A0161B100A41E6A /* GameViewModel.swift in Sources */,
				AC27AEA129F66F47005018D1 /* CatchGacha.swift in Sources */,
				683757382A01FAAD001F499A /* ChooseView.swift in Sources */,
				ACB47D7C29FE7299008F215F /* PopUpGamePreview.swift in Sources */,
				ACE95CD529FF9E62009B0C33 /* PopUpPlatyCoin.swift in Sources */,
				AC05331529F27CD0004AD470 /* TitleGame.swift in Sources */,
				ACE95CE32A00129B009B0C33 /* MC1.xcdatamodeld in Sources */,
				AC16009229FECA16009E5D59 /* TruthLieTurn.swift in Sources */,
				AC05332529F2A4BD004AD470 /* TruthLieSentenceViewModel.swift in Sources */,
				AC05332729F2AB18004AD470 /* SelectSentence.swift in Sources */,
				AC05331E29F2A02C004AD470 /* TwoTruthsOneLie.swift in Sources */,
				AC05331C29F29F7B004AD470 /* InputSentences.swift in Sources */,
				AC16009529FEDC97009E5D59 /* GameResultView.swift in Sources */,
				AC05331329F24AB6004AD470 /* CustomButton.swift in Sources */,
				6837572B2A01FA75001F499A /* GachaResult.swift in Sources */,
				AC27AE8D29F51A17005018D1 /* AppFont.swift in Sources */,
				AC27AE9529F52C27005018D1 /* Map.swift in Sources */,
				AC05330729F24385004AD470 /* CoreDataManager.swift in Sources */,
				ACB47D7829FA1271008F215F /* FloatingLevel.swift in Sources */,
				683757392A01FAAD001F499A /* GuessTheWord.swift in Sources */,
				AC0532FC29F242AE004AD470 /* Error.swift in Sources */,
				ACEE61DC2A00CB6800A41E6A /* ProfileViewModel.swift in Sources */,
				AC0532D729F23F0D004AD470 /* mini_challenge1App.swift in Sources */,
				AC27AE9C29F54925005018D1 /* SwimPlatypus.swift in Sources */,
				6837572A2A01FA75001F499A /* GachaObtained.swift in Sources */,
				ACB47D8029FE7E59008F215F /* PopUpGameTurn.swift in Sources */,
			);
			runOnlyForDeploymentPostprocessing = 0;
		};
/* End PBXSourcesBuildPhase section */

/* Begin XCBuildConfiguration section */
		AC0532E429F23F0E004AD470 /* Debug */ = {
			isa = XCBuildConfiguration;
			buildSettings = {
				ALWAYS_SEARCH_USER_PATHS = NO;
				CLANG_ANALYZER_NONNULL = YES;
				CLANG_ANALYZER_NUMBER_OBJECT_CONVERSION = YES_AGGRESSIVE;
				CLANG_CXX_LANGUAGE_STANDARD = "gnu++20";
				CLANG_ENABLE_MODULES = YES;
				CLANG_ENABLE_OBJC_ARC = YES;
				CLANG_ENABLE_OBJC_WEAK = YES;
				CLANG_WARN_BLOCK_CAPTURE_AUTORELEASING = YES;
				CLANG_WARN_BOOL_CONVERSION = YES;
				CLANG_WARN_COMMA = YES;
				CLANG_WARN_CONSTANT_CONVERSION = YES;
				CLANG_WARN_DEPRECATED_OBJC_IMPLEMENTATIONS = YES;
				CLANG_WARN_DIRECT_OBJC_ISA_USAGE = YES_ERROR;
				CLANG_WARN_DOCUMENTATION_COMMENTS = YES;
				CLANG_WARN_EMPTY_BODY = YES;
				CLANG_WARN_ENUM_CONVERSION = YES;
				CLANG_WARN_INFINITE_RECURSION = YES;
				CLANG_WARN_INT_CONVERSION = YES;
				CLANG_WARN_NON_LITERAL_NULL_CONVERSION = YES;
				CLANG_WARN_OBJC_IMPLICIT_RETAIN_SELF = YES;
				CLANG_WARN_OBJC_LITERAL_CONVERSION = YES;
				CLANG_WARN_OBJC_ROOT_CLASS = YES_ERROR;
				CLANG_WARN_QUOTED_INCLUDE_IN_FRAMEWORK_HEADER = YES;
				CLANG_WARN_RANGE_LOOP_ANALYSIS = YES;
				CLANG_WARN_STRICT_PROTOTYPES = YES;
				CLANG_WARN_SUSPICIOUS_MOVE = YES;
				CLANG_WARN_UNGUARDED_AVAILABILITY = YES_AGGRESSIVE;
				CLANG_WARN_UNREACHABLE_CODE = YES;
				CLANG_WARN__DUPLICATE_METHOD_MATCH = YES;
				COPY_PHASE_STRIP = NO;
				DEBUG_INFORMATION_FORMAT = dwarf;
				ENABLE_STRICT_OBJC_MSGSEND = YES;
				ENABLE_TESTABILITY = YES;
				GCC_C_LANGUAGE_STANDARD = gnu11;
				GCC_DYNAMIC_NO_PIC = NO;
				GCC_NO_COMMON_BLOCKS = YES;
				GCC_OPTIMIZATION_LEVEL = 0;
				GCC_PREPROCESSOR_DEFINITIONS = (
					"DEBUG=1",
					"$(inherited)",
				);
				GCC_WARN_64_TO_32_BIT_CONVERSION = YES;
				GCC_WARN_ABOUT_RETURN_TYPE = YES_ERROR;
				GCC_WARN_UNDECLARED_SELECTOR = YES;
				GCC_WARN_UNINITIALIZED_AUTOS = YES_AGGRESSIVE;
				GCC_WARN_UNUSED_FUNCTION = YES;
				GCC_WARN_UNUSED_VARIABLE = YES;
				IPHONEOS_DEPLOYMENT_TARGET = 16.0;
				MTL_ENABLE_DEBUG_INFO = INCLUDE_SOURCE;
				MTL_FAST_MATH = YES;
				ONLY_ACTIVE_ARCH = YES;
				SDKROOT = iphoneos;
				SWIFT_ACTIVE_COMPILATION_CONDITIONS = DEBUG;
				SWIFT_OPTIMIZATION_LEVEL = "-Onone";
			};
			name = Debug;
		};
		AC0532E529F23F0E004AD470 /* Release */ = {
			isa = XCBuildConfiguration;
			buildSettings = {
				ALWAYS_SEARCH_USER_PATHS = NO;
				CLANG_ANALYZER_NONNULL = YES;
				CLANG_ANALYZER_NUMBER_OBJECT_CONVERSION = YES_AGGRESSIVE;
				CLANG_CXX_LANGUAGE_STANDARD = "gnu++20";
				CLANG_ENABLE_MODULES = YES;
				CLANG_ENABLE_OBJC_ARC = YES;
				CLANG_ENABLE_OBJC_WEAK = YES;
				CLANG_WARN_BLOCK_CAPTURE_AUTORELEASING = YES;
				CLANG_WARN_BOOL_CONVERSION = YES;
				CLANG_WARN_COMMA = YES;
				CLANG_WARN_CONSTANT_CONVERSION = YES;
				CLANG_WARN_DEPRECATED_OBJC_IMPLEMENTATIONS = YES;
				CLANG_WARN_DIRECT_OBJC_ISA_USAGE = YES_ERROR;
				CLANG_WARN_DOCUMENTATION_COMMENTS = YES;
				CLANG_WARN_EMPTY_BODY = YES;
				CLANG_WARN_ENUM_CONVERSION = YES;
				CLANG_WARN_INFINITE_RECURSION = YES;
				CLANG_WARN_INT_CONVERSION = YES;
				CLANG_WARN_NON_LITERAL_NULL_CONVERSION = YES;
				CLANG_WARN_OBJC_IMPLICIT_RETAIN_SELF = YES;
				CLANG_WARN_OBJC_LITERAL_CONVERSION = YES;
				CLANG_WARN_OBJC_ROOT_CLASS = YES_ERROR;
				CLANG_WARN_QUOTED_INCLUDE_IN_FRAMEWORK_HEADER = YES;
				CLANG_WARN_RANGE_LOOP_ANALYSIS = YES;
				CLANG_WARN_STRICT_PROTOTYPES = YES;
				CLANG_WARN_SUSPICIOUS_MOVE = YES;
				CLANG_WARN_UNGUARDED_AVAILABILITY = YES_AGGRESSIVE;
				CLANG_WARN_UNREACHABLE_CODE = YES;
				CLANG_WARN__DUPLICATE_METHOD_MATCH = YES;
				COPY_PHASE_STRIP = NO;
				DEBUG_INFORMATION_FORMAT = "dwarf-with-dsym";
				ENABLE_NS_ASSERTIONS = NO;
				ENABLE_STRICT_OBJC_MSGSEND = YES;
				GCC_C_LANGUAGE_STANDARD = gnu11;
				GCC_NO_COMMON_BLOCKS = YES;
				GCC_WARN_64_TO_32_BIT_CONVERSION = YES;
				GCC_WARN_ABOUT_RETURN_TYPE = YES_ERROR;
				GCC_WARN_UNDECLARED_SELECTOR = YES;
				GCC_WARN_UNINITIALIZED_AUTOS = YES_AGGRESSIVE;
				GCC_WARN_UNUSED_FUNCTION = YES;
				GCC_WARN_UNUSED_VARIABLE = YES;
				IPHONEOS_DEPLOYMENT_TARGET = 16.0;
				MTL_ENABLE_DEBUG_INFO = NO;
				MTL_FAST_MATH = YES;
				SDKROOT = iphoneos;
				SWIFT_COMPILATION_MODE = wholemodule;
				SWIFT_OPTIMIZATION_LEVEL = "-O";
				VALIDATE_PRODUCT = YES;
			};
			name = Release;
		};
		AC0532E729F23F0E004AD470 /* Debug */ = {
			isa = XCBuildConfiguration;
			buildSettings = {
				ASSETCATALOG_COMPILER_APPICON_NAME = AppIcon;
				ASSETCATALOG_COMPILER_GLOBAL_ACCENT_COLOR_NAME = AccentColor;
				CODE_SIGN_STYLE = Automatic;
				CURRENT_PROJECT_VERSION = 1;
				DEVELOPMENT_ASSET_PATHS = "\"mini-challenge1/Preview Content\"";
				DEVELOPMENT_TEAM = CL2T9LDG63;
				ENABLE_PREVIEWS = YES;
				GENERATE_INFOPLIST_FILE = YES;
				INFOPLIST_FILE = "mini-challenge1/Info.plist";
				INFOPLIST_KEY_UIApplicationSceneManifest_Generation = YES;
				INFOPLIST_KEY_UIApplicationSupportsIndirectInputEvents = YES;
				INFOPLIST_KEY_UILaunchScreen_Generation = YES;
				INFOPLIST_KEY_UISupportedInterfaceOrientations_iPad = "UIInterfaceOrientationPortrait UIInterfaceOrientationPortraitUpsideDown UIInterfaceOrientationLandscapeLeft UIInterfaceOrientationLandscapeRight";
				INFOPLIST_KEY_UISupportedInterfaceOrientations_iPhone = "UIInterfaceOrientationPortrait UIInterfaceOrientationLandscapeLeft UIInterfaceOrientationLandscapeRight";
				LD_RUNPATH_SEARCH_PATHS = (
					"$(inherited)",
					"@executable_path/Frameworks",
				);
				MARKETING_VERSION = 1.0;
				PRODUCT_BUNDLE_IDENTIFIER = "keziaglr.mini-challenge1";
				PRODUCT_NAME = "$(TARGET_NAME)";
				SWIFT_EMIT_LOC_STRINGS = YES;
				SWIFT_VERSION = 5.0;
				TARGETED_DEVICE_FAMILY = "1,2";
			};
			name = Debug;
		};
		AC0532E829F23F0E004AD470 /* Release */ = {
			isa = XCBuildConfiguration;
			buildSettings = {
				ASSETCATALOG_COMPILER_APPICON_NAME = AppIcon;
				ASSETCATALOG_COMPILER_GLOBAL_ACCENT_COLOR_NAME = AccentColor;
				CODE_SIGN_STYLE = Automatic;
				CURRENT_PROJECT_VERSION = 1;
				DEVELOPMENT_ASSET_PATHS = "\"mini-challenge1/Preview Content\"";
				DEVELOPMENT_TEAM = CL2T9LDG63;
				ENABLE_PREVIEWS = YES;
				GENERATE_INFOPLIST_FILE = YES;
				INFOPLIST_FILE = "mini-challenge1/Info.plist";
				INFOPLIST_KEY_UIApplicationSceneManifest_Generation = YES;
				INFOPLIST_KEY_UIApplicationSupportsIndirectInputEvents = YES;
				INFOPLIST_KEY_UILaunchScreen_Generation = YES;
				INFOPLIST_KEY_UISupportedInterfaceOrientations_iPad = "UIInterfaceOrientationPortrait UIInterfaceOrientationPortraitUpsideDown UIInterfaceOrientationLandscapeLeft UIInterfaceOrientationLandscapeRight";
				INFOPLIST_KEY_UISupportedInterfaceOrientations_iPhone = "UIInterfaceOrientationPortrait UIInterfaceOrientationLandscapeLeft UIInterfaceOrientationLandscapeRight";
				LD_RUNPATH_SEARCH_PATHS = (
					"$(inherited)",
					"@executable_path/Frameworks",
				);
				MARKETING_VERSION = 1.0;
				PRODUCT_BUNDLE_IDENTIFIER = "keziaglr.mini-challenge1";
				PRODUCT_NAME = "$(TARGET_NAME)";
				SWIFT_EMIT_LOC_STRINGS = YES;
				SWIFT_VERSION = 5.0;
				TARGETED_DEVICE_FAMILY = "1,2";
			};
			name = Release;
		};
/* End XCBuildConfiguration section */

/* Begin XCConfigurationList section */
		AC0532CE29F23F0D004AD470 /* Build configuration list for PBXProject "mini-challenge1" */ = {
			isa = XCConfigurationList;
			buildConfigurations = (
				AC0532E429F23F0E004AD470 /* Debug */,
				AC0532E529F23F0E004AD470 /* Release */,
			);
			defaultConfigurationIsVisible = 0;
			defaultConfigurationName = Release;
		};
		AC0532E629F23F0E004AD470 /* Build configuration list for PBXNativeTarget "mini-challenge1" */ = {
			isa = XCConfigurationList;
			buildConfigurations = (
				AC0532E729F23F0E004AD470 /* Debug */,
				AC0532E829F23F0E004AD470 /* Release */,
			);
			defaultConfigurationIsVisible = 0;
			defaultConfigurationName = Release;
		};
/* End XCConfigurationList section */

/* Begin XCRemoteSwiftPackageReference section */
		6837573D2A035039001F499A /* XCRemoteSwiftPackageReference "lottie-ios" */ = {
			isa = XCRemoteSwiftPackageReference;
			repositoryURL = "https://github.com/airbnb/lottie-ios.git";
			requirement = {
				kind = upToNextMajorVersion;
				minimumVersion = 4.0.0;
			};
		};
/* End XCRemoteSwiftPackageReference section */

/* Begin XCSwiftPackageProductDependency section */
		6837573E2A035039001F499A /* Lottie */ = {
			isa = XCSwiftPackageProductDependency;
			package = 6837573D2A035039001F499A /* XCRemoteSwiftPackageReference "lottie-ios" */;
			productName = Lottie;
		};
/* End XCSwiftPackageProductDependency section */

/* Begin XCVersionGroup section */
		ACE95CE12A00129B009B0C33 /* MC1.xcdatamodeld */ = {
			isa = XCVersionGroup;
			children = (
				ACE95CE22A00129B009B0C33 /* MC1.xcdatamodel */,
			);
			currentVersion = ACE95CE22A00129B009B0C33 /* MC1.xcdatamodel */;
			path = MC1.xcdatamodeld;
			sourceTree = "<group>";
			versionGroupType = wrapper.xcdatamodel;
		};
/* End XCVersionGroup section */
	};
	rootObject = AC0532CB29F23F0D004AD470 /* Project object */;
}
